{
  "name": "@softspark/ai-toolkit",
  "version": "3.2.1",
  "lockfileVersion": 3,
  "requires": true,
  "packages": {
    "": {
      "name": "@softspark/ai-toolkit",
      "version": "3.2.1",
      "license": "MIT",
      "bin": {
        "ai-toolkit": "bin/ai-toolkit.js"
      },
      "engines": {
        "node": ">=18.0.0"
      }
    }
  }
}
